{
  "version": 4,
  "terraform_version": "1.5.4",
  "serial": 1,
  "lineage": "dd72e799-4d7d-e9bb-0292-c5340bb90712",
  "outputs": {},
  "resources": [
    {
      "module": "module.name",
      "mode": "managed",
      "type": "local_file",
      "name": "example",
      "provider": "provider[\"registry.terraform.io/hashicorp/local\"]",
      "instances": [
        {
          "schema_version": 0,
          "attributes": {
            "content": "hello dev",
            "content_base64": null,
            "content_base64sha256": "y3BErbVgxJ6U3EEI+G2HyfA802eJvR0ixIWtrIhxYoY=",
            "content_base64sha512": "UHBK+3L0etRvjOhPxlnWYqyKqcbsXElnC+Nve5EHGxVDvmNxlKjjKf2Tj5PmM06TAQdc2Sb8i9g5E0MIaBE4OA==",
            "content_md5": "19b42575bf558092157fc96fcddc14d5",
            "content_sha1": "aa9389c64182946b2434b742bcee13e76c299330",
            "content_sha256": "cb7044adb560c49e94dc4108f86d87c9f03cd36789bd1d22c485adac88716286",
            "content_sha512": "50704afb72f47ad46f8ce84fc659d662ac8aa9c6ec5c49670be36f7b91071b1543be637194a8e329fd938f93e6334e9301075cd926fc8bd83913430868113838",
            "directory_permission": "0777",
            "file_permission": "0777",
            "filename": "./foo.bar",
            "id": "aa9389c64182946b2434b742bcee13e76c299330",
            "sensitive_content": null,
            "source": null
          },
          "sensitive_attributes": []
        }
      ]
    }
  ],
  "check_results": null
}
